
Microsoft Visual Studio Solution File, Format Version 12.00
# Visual Studio Version 16
VisualStudioVersion = 16.0.29324.140
MinimumVisualStudioVersion = 10.0.40219.1
Project("{FAE04EC0-301F-11D3-BF4B-00C04F79EFBC}") = "Repository", "Repository\Repository.csproj", "{F8CFFD8D-46B8-4F19-8369-8F2ECBB9DAE3}"
EndProject
Project("{2150E333-8FDC-42A3-9474-1A3956D46DE8}") = "Tests", "Tests", "{156564F3-BD3A-4998-9E50-60229E15EEFD}"
EndProject
Project("{2150E333-8FDC-42A3-9474-1A3956D46DE8}") = "Client", "Client", "{0D0F106D-F1E8-4655-A232-A0DB0485D152}"
EndProject
Project("{2150E333-8FDC-42A3-9474-1A3956D46DE8}") = "Common", "Common", "{87E782BE-15D5-4A45-A4F1-75EA9AAE1E44}"
EndProject
Project("{2150E333-8FDC-42A3-9474-1A3956D46DE8}") = "BusinessLogic", "BusinessLogic", "{A094DA8F-2993-416D-B80B-2CFE76E4E871}"
EndProject
Project("{2150E333-8FDC-42A3-9474-1A3956D46DE8}") = "Data", "Data", "{6ED54376-951E-43FD-AB9C-1D32951478C5}"
EndProject
Project("{FAE04EC0-301F-11D3-BF4B-00C04F79EFBC}") = "Entities", "Entities\Entities.csproj", "{57D3C079-FB6B-4EA6-9FC9-47B123EC728D}"
EndProject
Project("{FAE04EC0-301F-11D3-BF4B-00C04F79EFBC}") = "EFCodeFirstDb", "CodeFirstDbContext\EFCodeFirstDb.csproj", "{F4639D87-6E2C-4A77-98CB-B4AE538387F4}"
EndProject
Project("{FAE04EC0-301F-11D3-BF4B-00C04F79EFBC}") = "ConsoleTest", "ConsoleTest\ConsoleTest.csproj", "{EFD9117A-B036-4011-B616-D14C4E310D91}"
EndProject
Project("{FAE04EC0-301F-11D3-BF4B-00C04F79EFBC}") = "MapperLib", "MapperLib\MapperLib.csproj", "{0C887787-E26E-45A4-8032-7EE740B41D78}"
EndProject
Project("{FAE04EC0-301F-11D3-BF4B-00C04F79EFBC}") = "Domains", "Domain\Domains.csproj", "{C8267BD6-E2CF-4150-9833-16B393EA60EC}"
EndProject
Project("{FAE04EC0-301F-11D3-BF4B-00C04F79EFBC}") = "Autofac.Lib", "Autofac.Lib\Autofac.Lib.csproj", "{1542F997-B693-448B-B5B2-08A3E994ACF1}"
EndProject
Project("{FAE04EC0-301F-11D3-BF4B-00C04F79EFBC}") = "RepositoryAbstract", "RepositoryAbstract\RepositoryAbstract.csproj", "{8B5F42BE-0B56-4145-A806-519CD798863D}"
EndProject
Project("{FAE04EC0-301F-11D3-BF4B-00C04F79EFBC}") = "Models", "Model\Models.csproj", "{43D73C57-FDCC-4298-8A89-F35673DCF4F8}"
EndProject
Project("{FAE04EC0-301F-11D3-BF4B-00C04F79EFBC}") = "WpfMailSender", "WpfMailSender\WpfMailSender.csproj", "{71B941CB-98FA-489D-A7CB-875DC926D2DD}"
EndProject
Global
	GlobalSection(SolutionConfigurationPlatforms) = preSolution
		Debug|Any CPU = Debug|Any CPU
		Release|Any CPU = Release|Any CPU
	EndGlobalSection
	GlobalSection(ProjectConfigurationPlatforms) = postSolution
		{F8CFFD8D-46B8-4F19-8369-8F2ECBB9DAE3}.Debug|Any CPU.ActiveCfg = Debug|Any CPU
		{F8CFFD8D-46B8-4F19-8369-8F2ECBB9DAE3}.Debug|Any CPU.Build.0 = Debug|Any CPU
		{F8CFFD8D-46B8-4F19-8369-8F2ECBB9DAE3}.Release|Any CPU.ActiveCfg = Release|Any CPU
		{F8CFFD8D-46B8-4F19-8369-8F2ECBB9DAE3}.Release|Any CPU.Build.0 = Release|Any CPU
		{57D3C079-FB6B-4EA6-9FC9-47B123EC728D}.Debug|Any CPU.ActiveCfg = Debug|Any CPU
		{57D3C079-FB6B-4EA6-9FC9-47B123EC728D}.Debug|Any CPU.Build.0 = Debug|Any CPU
		{57D3C079-FB6B-4EA6-9FC9-47B123EC728D}.Release|Any CPU.ActiveCfg = Release|Any CPU
		{57D3C079-FB6B-4EA6-9FC9-47B123EC728D}.Release|Any CPU.Build.0 = Release|Any CPU
		{F4639D87-6E2C-4A77-98CB-B4AE538387F4}.Debug|Any CPU.ActiveCfg = Debug|Any CPU
		{F4639D87-6E2C-4A77-98CB-B4AE538387F4}.Debug|Any CPU.Build.0 = Debug|Any CPU
		{F4639D87-6E2C-4A77-98CB-B4AE538387F4}.Release|Any CPU.ActiveCfg = Release|Any CPU
		{F4639D87-6E2C-4A77-98CB-B4AE538387F4}.Release|Any CPU.Build.0 = Release|Any CPU
		{EFD9117A-B036-4011-B616-D14C4E310D91}.Debug|Any CPU.ActiveCfg = Debug|Any CPU
		{EFD9117A-B036-4011-B616-D14C4E310D91}.Debug|Any CPU.Build.0 = Debug|Any CPU
		{EFD9117A-B036-4011-B616-D14C4E310D91}.Release|Any CPU.ActiveCfg = Release|Any CPU
		{EFD9117A-B036-4011-B616-D14C4E310D91}.Release|Any CPU.Build.0 = Release|Any CPU
		{0C887787-E26E-45A4-8032-7EE740B41D78}.Debug|Any CPU.ActiveCfg = Debug|Any CPU
		{0C887787-E26E-45A4-8032-7EE740B41D78}.Debug|Any CPU.Build.0 = Debug|Any CPU
		{0C887787-E26E-45A4-8032-7EE740B41D78}.Release|Any CPU.ActiveCfg = Release|Any CPU
		{0C887787-E26E-45A4-8032-7EE740B41D78}.Release|Any CPU.Build.0 = Release|Any CPU
		{C8267BD6-E2CF-4150-9833-16B393EA60EC}.Debug|Any CPU.ActiveCfg = Debug|Any CPU
		{C8267BD6-E2CF-4150-9833-16B393EA60EC}.Debug|Any CPU.Build.0 = Debug|Any CPU
		{C8267BD6-E2CF-4150-9833-16B393EA60EC}.Release|Any CPU.ActiveCfg = Release|Any CPU
		{C8267BD6-E2CF-4150-9833-16B393EA60EC}.Release|Any CPU.Build.0 = Release|Any CPU
		{1542F997-B693-448B-B5B2-08A3E994ACF1}.Debug|Any CPU.ActiveCfg = Debug|Any CPU
		{1542F997-B693-448B-B5B2-08A3E994ACF1}.Debug|Any CPU.Build.0 = Debug|Any CPU
		{1542F997-B693-448B-B5B2-08A3E994ACF1}.Release|Any CPU.ActiveCfg = Release|Any CPU
		{1542F997-B693-448B-B5B2-08A3E994ACF1}.Release|Any CPU.Build.0 = Release|Any CPU
		{8B5F42BE-0B56-4145-A806-519CD798863D}.Debug|Any CPU.ActiveCfg = Debug|Any CPU
		{8B5F42BE-0B56-4145-A806-519CD798863D}.Debug|Any CPU.Build.0 = Debug|Any CPU
		{8B5F42BE-0B56-4145-A806-519CD798863D}.Release|Any CPU.ActiveCfg = Release|Any CPU
		{8B5F42BE-0B56-4145-A806-519CD798863D}.Release|Any CPU.Build.0 = Release|Any CPU
		{43D73C57-FDCC-4298-8A89-F35673DCF4F8}.Debug|Any CPU.ActiveCfg = Debug|Any CPU
		{43D73C57-FDCC-4298-8A89-F35673DCF4F8}.Debug|Any CPU.Build.0 = Debug|Any CPU
		{43D73C57-FDCC-4298-8A89-F35673DCF4F8}.Release|Any CPU.ActiveCfg = Release|Any CPU
		{43D73C57-FDCC-4298-8A89-F35673DCF4F8}.Release|Any CPU.Build.0 = Release|Any CPU
		{71B941CB-98FA-489D-A7CB-875DC926D2DD}.Debug|Any CPU.ActiveCfg = Debug|Any CPU
		{71B941CB-98FA-489D-A7CB-875DC926D2DD}.Debug|Any CPU.Build.0 = Debug|Any CPU
		{71B941CB-98FA-489D-A7CB-875DC926D2DD}.Release|Any CPU.ActiveCfg = Release|Any CPU
		{71B941CB-98FA-489D-A7CB-875DC926D2DD}.Release|Any CPU.Build.0 = Release|Any CPU
	EndGlobalSection
	GlobalSection(SolutionProperties) = preSolution
		HideSolutionNode = FALSE
	EndGlobalSection
	GlobalSection(NestedProjects) = preSolution
		{F8CFFD8D-46B8-4F19-8369-8F2ECBB9DAE3} = {6ED54376-951E-43FD-AB9C-1D32951478C5}
		{57D3C079-FB6B-4EA6-9FC9-47B123EC728D} = {6ED54376-951E-43FD-AB9C-1D32951478C5}
		{F4639D87-6E2C-4A77-98CB-B4AE538387F4} = {6ED54376-951E-43FD-AB9C-1D32951478C5}
		{EFD9117A-B036-4011-B616-D14C4E310D91} = {156564F3-BD3A-4998-9E50-60229E15EEFD}
		{0C887787-E26E-45A4-8032-7EE740B41D78} = {87E782BE-15D5-4A45-A4F1-75EA9AAE1E44}
		{C8267BD6-E2CF-4150-9833-16B393EA60EC} = {A094DA8F-2993-416D-B80B-2CFE76E4E871}
		{1542F997-B693-448B-B5B2-08A3E994ACF1} = {87E782BE-15D5-4A45-A4F1-75EA9AAE1E44}
		{8B5F42BE-0B56-4145-A806-519CD798863D} = {87E782BE-15D5-4A45-A4F1-75EA9AAE1E44}
		{43D73C57-FDCC-4298-8A89-F35673DCF4F8} = {0D0F106D-F1E8-4655-A232-A0DB0485D152}
		{71B941CB-98FA-489D-A7CB-875DC926D2DD} = {0D0F106D-F1E8-4655-A232-A0DB0485D152}
	EndGlobalSection
	GlobalSection(ExtensibilityGlobals) = postSolution
		SolutionGuid = {F5756D3D-C1F1-44AC-81A3-DDB66668791C}
	EndGlobalSection
EndGlobal
